
Microsoft Visual Studio Solution File, Format Version 12.00
# Visual Studio Version 16
VisualStudioVersion = 16.0.29911.84
MinimumVisualStudioVersion = 10.0.40219.1
Project("{9A19103F-16F7-4668-BE54-9A1E7A4F7556}") = "Jonny.AllDemo.BlazorAppTest", "src\Jonny.AllDemo.BlazorAppTest\Jonny.AllDemo.BlazorAppTest.csproj", "{446B1F05-AE42-411E-B4FF-BB39AA95F24B}"
EndProject
Project("{2150E333-8FDC-42A3-9474-1A3956D46DE8}") = "src", "src", "{7502D5C6-D2BE-439E-B7A0-91DCDD89B749}"
EndProject
Project("{2150E333-8FDC-42A3-9474-1A3956D46DE8}") = "ci", "ci", "{7A382B5F-6AC4-4542-AD8A-C3862E3A2A13}"
EndProject
Project("{2150E333-8FDC-42A3-9474-1A3956D46DE8}") = "test", "test", "{21DF2D2F-9355-4C19-B449-654EDD312FE9}"
EndProject
Project("{9A19103F-16F7-4668-BE54-9A1E7A4F7556}") = "myapp", "src\app\myapp.csproj", "{F5A9B0E9-6E6F-4357-BE20-9EBAFC2AD795}"
EndProject
Project("{9A19103F-16F7-4668-BE54-9A1E7A4F7556}") = "Jonny.AllDemo.Api", "src\Jonny.AllDemo.Api\Jonny.AllDemo.Api.csproj", "{8D059C38-2952-4744-813C-AB60D70C37B8}"
EndProject
Project("{9A19103F-16F7-4668-BE54-9A1E7A4F7556}") = "Jonny.AllDemo.GoogleAuthticationMvc", "src\Jonny.AllDemo.GoogleAuthticationMvc\Jonny.AllDemo.GoogleAuthticationMvc.csproj", "{D1448617-6ED0-42B4-90E6-DEF4A6ADF8D5}"
EndProject
Project("{9A19103F-16F7-4668-BE54-9A1E7A4F7556}") = "Jonny.AllDemo.EntityFrameworkCore", "src\Jonny.AllDemo.EntityFrameworkCore\Jonny.AllDemo.EntityFrameworkCore.csproj", "{56078639-AACD-47CA-93DE-D73EAE2B204A}"
EndProject
Project("{9A19103F-16F7-4668-BE54-9A1E7A4F7556}") = "Jonny.AllDemo.Log", "src\Jonny.AllDemo.Log\Jonny.AllDemo.Log.csproj", "{2576764E-A80C-45AD-9DB4-22834BD9C399}"
EndProject
Project("{9A19103F-16F7-4668-BE54-9A1E7A4F7556}") = "Jonny.AllDemo.Auth", "src\Jonny.AllDemo.Auth\Jonny.AllDemo.Auth.csproj", "{8400E8E4-C6BE-4D79-8353-37A8B6CF84A0}"
EndProject
Project("{2150E333-8FDC-42A3-9474-1A3956D46DE8}") = "winform", "winform", "{7268928C-9F60-4639-B603-66FE557F2A83}"
EndProject
Project("{FAE04EC0-301F-11D3-BF4B-00C04F79EFBC}") = "Jonny.AllDemo.Picture", "src\winform\Jonny.AllDemo.Picture\Jonny.AllDemo.Picture.csproj", "{8A7A6B6B-D363-436C-B8F3-239023D2DE3C}"
EndProject
Project("{FAE04EC0-301F-11D3-BF4B-00C04F79EFBC}") = "WpfOpenCV", "..\..\..\open source code\WpfOpenCV\WpfOpenCV.csproj", "{530FE9F7-A834-4780-8799-B096007BF7C0}"
EndProject
Project("{2150E333-8FDC-42A3-9474-1A3956D46DE8}") = "Authtications", "Authtications", "{D20E7AB1-C858-4A17-B2C2-98408DFEFFEC}"
EndProject
Project("{9A19103F-16F7-4668-BE54-9A1E7A4F7556}") = "Jonny.AllDemo.Auth.Cookie", "src\authtiations\Jonny.AllDemo.Auth.Cookie\Jonny.AllDemo.Auth.Cookie.csproj", "{5237E52A-BD6E-4220-8D21-DB2364582409}"
EndProject
Project("{2150E333-8FDC-42A3-9474-1A3956D46DE8}") = "Webservice", "Webservice", "{E7F602F2-2351-41F2-B232-0BBCA9EBF8B4}"
EndProject
Project("{FAE04EC0-301F-11D3-BF4B-00C04F79EFBC}") = "Jonny.AllDemo.TongNanLIS", "src\websrevice\Jonny.AllDemo.TongNanLIS\Jonny.AllDemo.TongNanLIS.csproj", "{592A8CBC-C788-4927-A0E7-C560EC997553}"
EndProject
Project("{2150E333-8FDC-42A3-9474-1A3956D46DE8}") = "SuperSockets", "SuperSockets", "{CF1C6D1E-C1A8-4A80-BBCF-DD14342C6A1D}"
EndProject
Project("{FAE04EC0-301F-11D3-BF4B-00C04F79EFBC}") = "Jonny.AllDemo.CySuperSocketServer", "Jonny.AllDemo.CySuperSocketServer\Jonny.AllDemo.CySuperSocketServer.csproj", "{A091462F-6349-46F3-A8BE-B3CEDC405083}"
EndProject
Project("{FAE04EC0-301F-11D3-BF4B-00C04F79EFBC}") = "Jonny.AllDemo.CySuperSocketClient", "Jonny.AllDemo.CySuperSocketClient\Jonny.AllDemo.CySuperSocketClient.csproj", "{1B57C251-F4CA-48E7-84AC-EEE223A60290}"
EndProject
Project("{FAE04EC0-301F-11D3-BF4B-00C04F79EFBC}") = "Jonny.AllDemo.CyClientEngine", "Jonny.AllDemo.CyClientEngine\Jonny.AllDemo.CyClientEngine.csproj", "{8A3D9860-2B80-43ED-B441-2820141B21F5}"
EndProject
Project("{2150E333-8FDC-42A3-9474-1A3956D46DE8}") = "Android", "Android", "{97483887-DF4D-4797-B4DD-D757A8212F79}"
EndProject
Project("{2150E333-8FDC-42A3-9474-1A3956D46DE8}") = "Reflect", "Reflect", "{E2810F5C-1039-400F-9680-64325ACD157E}"
EndProject
Project("{9A19103F-16F7-4668-BE54-9A1E7A4F7556}") = "Jonny.AllDemo.Reflection", "src\reflection\Jonny.AllDemo.Reflection\Jonny.AllDemo.Reflection.csproj", "{7502BE5B-51EF-492C-9F85-00C83C750066}"
EndProject
Project("{FAE04EC0-301F-11D3-BF4B-00C04F79EFBC}") = "Jonny.AllDemo.MISPOS", "src\Jonny.AllDemo.MISPOS\Jonny.AllDemo.MISPOS.csproj", "{3BB8AA72-74A6-4EAC-BD43-4BCA5A39756A}"
EndProject
Project("{2150E333-8FDC-42A3-9474-1A3956D46DE8}") = "dapper", "dapper", "{902DB5A7-A7B7-476F-9015-4C2B3F16A288}"
EndProject
Project("{9A19103F-16F7-4668-BE54-9A1E7A4F7556}") = "Jonny.AllDemo.Dapper", "src\dapper\Jonny.AllDemo.Dapper\Jonny.AllDemo.Dapper.csproj", "{1B862214-CE55-4D47-A732-86BB2F1F9279}"
EndProject
Project("{FAE04EC0-301F-11D3-BF4B-00C04F79EFBC}") = "Jonny.AllDemo.CyTcpClient", "src\Jonny.AllDemo.CyTcpClient\Jonny.AllDemo.CyTcpClient.csproj", "{020E5292-8894-4657-89C3-D3976776D39A}"
EndProject
Project("{2150E333-8FDC-42A3-9474-1A3956D46DE8}") = "core-config", "core-config", "{CD70ABC3-F359-43F0-87DB-2F900DB65EBE}"
EndProject
Project("{9A19103F-16F7-4668-BE54-9A1E7A4F7556}") = "Jonny.AllDemo.OptionsConfig", "src\configuration\Jonny.AllDemo.OptionsConfig\Jonny.AllDemo.OptionsConfig.csproj", "{B7CAAA8A-D113-44F6-97B1-E77DD0161B6F}"
EndProject
Project("{2150E333-8FDC-42A3-9474-1A3956D46DE8}") = "Files", "Files", "{6B1CADF4-BEF2-4F53-A96F-A885AFFA5147}"
EndProject
Project("{FAE04EC0-301F-11D3-BF4B-00C04F79EFBC}") = "Jonny.AllDemo.StaticFile", "src\files\Jonny.AllDemo.StaticFile\Jonny.AllDemo.StaticFile.csproj", "{2207AC8C-7FC8-482F-9615-67DBBED0650E}"
EndProject
Global
	GlobalSection(SolutionConfigurationPlatforms) = preSolution
		Debug|Any CPU = Debug|Any CPU
		Release|Any CPU = Release|Any CPU
	EndGlobalSection
	GlobalSection(ProjectConfigurationPlatforms) = postSolution
		{446B1F05-AE42-411E-B4FF-BB39AA95F24B}.Debug|Any CPU.ActiveCfg = Debug|Any CPU
		{446B1F05-AE42-411E-B4FF-BB39AA95F24B}.Debug|Any CPU.Build.0 = Debug|Any CPU
		{446B1F05-AE42-411E-B4FF-BB39AA95F24B}.Release|Any CPU.ActiveCfg = Release|Any CPU
		{446B1F05-AE42-411E-B4FF-BB39AA95F24B}.Release|Any CPU.Build.0 = Release|Any CPU
		{F5A9B0E9-6E6F-4357-BE20-9EBAFC2AD795}.Debug|Any CPU.ActiveCfg = Debug|Any CPU
		{F5A9B0E9-6E6F-4357-BE20-9EBAFC2AD795}.Debug|Any CPU.Build.0 = Debug|Any CPU
		{F5A9B0E9-6E6F-4357-BE20-9EBAFC2AD795}.Release|Any CPU.ActiveCfg = Release|Any CPU
		{F5A9B0E9-6E6F-4357-BE20-9EBAFC2AD795}.Release|Any CPU.Build.0 = Release|Any CPU
		{8D059C38-2952-4744-813C-AB60D70C37B8}.Debug|Any CPU.ActiveCfg = Debug|Any CPU
		{8D059C38-2952-4744-813C-AB60D70C37B8}.Debug|Any CPU.Build.0 = Debug|Any CPU
		{8D059C38-2952-4744-813C-AB60D70C37B8}.Release|Any CPU.ActiveCfg = Release|Any CPU
		{8D059C38-2952-4744-813C-AB60D70C37B8}.Release|Any CPU.Build.0 = Release|Any CPU
		{D1448617-6ED0-42B4-90E6-DEF4A6ADF8D5}.Debug|Any CPU.ActiveCfg = Debug|Any CPU
		{D1448617-6ED0-42B4-90E6-DEF4A6ADF8D5}.Debug|Any CPU.Build.0 = Debug|Any CPU
		{D1448617-6ED0-42B4-90E6-DEF4A6ADF8D5}.Release|Any CPU.ActiveCfg = Release|Any CPU
		{D1448617-6ED0-42B4-90E6-DEF4A6ADF8D5}.Release|Any CPU.Build.0 = Release|Any CPU
		{56078639-AACD-47CA-93DE-D73EAE2B204A}.Debug|Any CPU.ActiveCfg = Debug|Any CPU
		{56078639-AACD-47CA-93DE-D73EAE2B204A}.Debug|Any CPU.Build.0 = Debug|Any CPU
		{56078639-AACD-47CA-93DE-D73EAE2B204A}.Release|Any CPU.ActiveCfg = Release|Any CPU
		{56078639-AACD-47CA-93DE-D73EAE2B204A}.Release|Any CPU.Build.0 = Release|Any CPU
		{2576764E-A80C-45AD-9DB4-22834BD9C399}.Debug|Any CPU.ActiveCfg = Debug|Any CPU
		{2576764E-A80C-45AD-9DB4-22834BD9C399}.Debug|Any CPU.Build.0 = Debug|Any CPU
		{2576764E-A80C-45AD-9DB4-22834BD9C399}.Release|Any CPU.ActiveCfg = Release|Any CPU
		{2576764E-A80C-45AD-9DB4-22834BD9C399}.Release|Any CPU.Build.0 = Release|Any CPU
		{8400E8E4-C6BE-4D79-8353-37A8B6CF84A0}.Debug|Any CPU.ActiveCfg = Debug|Any CPU
		{8400E8E4-C6BE-4D79-8353-37A8B6CF84A0}.Debug|Any CPU.Build.0 = Debug|Any CPU
		{8400E8E4-C6BE-4D79-8353-37A8B6CF84A0}.Release|Any CPU.ActiveCfg = Release|Any CPU
		{8400E8E4-C6BE-4D79-8353-37A8B6CF84A0}.Release|Any CPU.Build.0 = Release|Any CPU
		{8A7A6B6B-D363-436C-B8F3-239023D2DE3C}.Debug|Any CPU.ActiveCfg = Debug|Any CPU
		{8A7A6B6B-D363-436C-B8F3-239023D2DE3C}.Debug|Any CPU.Build.0 = Debug|Any CPU
		{8A7A6B6B-D363-436C-B8F3-239023D2DE3C}.Release|Any CPU.ActiveCfg = Release|Any CPU
		{8A7A6B6B-D363-436C-B8F3-239023D2DE3C}.Release|Any CPU.Build.0 = Release|Any CPU
		{530FE9F7-A834-4780-8799-B096007BF7C0}.Debug|Any CPU.ActiveCfg = Debug|Any CPU
		{530FE9F7-A834-4780-8799-B096007BF7C0}.Debug|Any CPU.Build.0 = Debug|Any CPU
		{530FE9F7-A834-4780-8799-B096007BF7C0}.Release|Any CPU.ActiveCfg = Release|Any CPU
		{530FE9F7-A834-4780-8799-B096007BF7C0}.Release|Any CPU.Build.0 = Release|Any CPU
		{5237E52A-BD6E-4220-8D21-DB2364582409}.Debug|Any CPU.ActiveCfg = Debug|Any CPU
		{5237E52A-BD6E-4220-8D21-DB2364582409}.Debug|Any CPU.Build.0 = Debug|Any CPU
		{5237E52A-BD6E-4220-8D21-DB2364582409}.Release|Any CPU.ActiveCfg = Release|Any CPU
		{5237E52A-BD6E-4220-8D21-DB2364582409}.Release|Any CPU.Build.0 = Release|Any CPU
		{592A8CBC-C788-4927-A0E7-C560EC997553}.Debug|Any CPU.ActiveCfg = Debug|Any CPU
		{592A8CBC-C788-4927-A0E7-C560EC997553}.Debug|Any CPU.Build.0 = Debug|Any CPU
		{592A8CBC-C788-4927-A0E7-C560EC997553}.Release|Any CPU.ActiveCfg = Release|Any CPU
		{592A8CBC-C788-4927-A0E7-C560EC997553}.Release|Any CPU.Build.0 = Release|Any CPU
		{A091462F-6349-46F3-A8BE-B3CEDC405083}.Debug|Any CPU.ActiveCfg = Debug|Any CPU
		{A091462F-6349-46F3-A8BE-B3CEDC405083}.Debug|Any CPU.Build.0 = Debug|Any CPU
		{A091462F-6349-46F3-A8BE-B3CEDC405083}.Release|Any CPU.ActiveCfg = Release|Any CPU
		{A091462F-6349-46F3-A8BE-B3CEDC405083}.Release|Any CPU.Build.0 = Release|Any CPU
		{1B57C251-F4CA-48E7-84AC-EEE223A60290}.Debug|Any CPU.ActiveCfg = Debug|Any CPU
		{1B57C251-F4CA-48E7-84AC-EEE223A60290}.Debug|Any CPU.Build.0 = Debug|Any CPU
		{1B57C251-F4CA-48E7-84AC-EEE223A60290}.Release|Any CPU.ActiveCfg = Release|Any CPU
		{1B57C251-F4CA-48E7-84AC-EEE223A60290}.Release|Any CPU.Build.0 = Release|Any CPU
		{8A3D9860-2B80-43ED-B441-2820141B21F5}.Debug|Any CPU.ActiveCfg = Debug|Any CPU
		{8A3D9860-2B80-43ED-B441-2820141B21F5}.Debug|Any CPU.Build.0 = Debug|Any CPU
		{8A3D9860-2B80-43ED-B441-2820141B21F5}.Release|Any CPU.ActiveCfg = Release|Any CPU
		{8A3D9860-2B80-43ED-B441-2820141B21F5}.Release|Any CPU.Build.0 = Release|Any CPU
		{7502BE5B-51EF-492C-9F85-00C83C750066}.Debug|Any CPU.ActiveCfg = Debug|Any CPU
		{7502BE5B-51EF-492C-9F85-00C83C750066}.Debug|Any CPU.Build.0 = Debug|Any CPU
		{7502BE5B-51EF-492C-9F85-00C83C750066}.Release|Any CPU.ActiveCfg = Release|Any CPU
		{7502BE5B-51EF-492C-9F85-00C83C750066}.Release|Any CPU.Build.0 = Release|Any CPU
		{3BB8AA72-74A6-4EAC-BD43-4BCA5A39756A}.Debug|Any CPU.ActiveCfg = Debug|Any CPU
		{3BB8AA72-74A6-4EAC-BD43-4BCA5A39756A}.Debug|Any CPU.Build.0 = Debug|Any CPU
		{3BB8AA72-74A6-4EAC-BD43-4BCA5A39756A}.Release|Any CPU.ActiveCfg = Release|Any CPU
		{3BB8AA72-74A6-4EAC-BD43-4BCA5A39756A}.Release|Any CPU.Build.0 = Release|Any CPU
		{1B862214-CE55-4D47-A732-86BB2F1F9279}.Debug|Any CPU.ActiveCfg = Debug|Any CPU
		{1B862214-CE55-4D47-A732-86BB2F1F9279}.Debug|Any CPU.Build.0 = Debug|Any CPU
		{1B862214-CE55-4D47-A732-86BB2F1F9279}.Release|Any CPU.ActiveCfg = Release|Any CPU
		{1B862214-CE55-4D47-A732-86BB2F1F9279}.Release|Any CPU.Build.0 = Release|Any CPU
		{020E5292-8894-4657-89C3-D3976776D39A}.Debug|Any CPU.ActiveCfg = Debug|Any CPU
		{020E5292-8894-4657-89C3-D3976776D39A}.Debug|Any CPU.Build.0 = Debug|Any CPU
		{020E5292-8894-4657-89C3-D3976776D39A}.Release|Any CPU.ActiveCfg = Release|Any CPU
		{020E5292-8894-4657-89C3-D3976776D39A}.Release|Any CPU.Build.0 = Release|Any CPU
		{B7CAAA8A-D113-44F6-97B1-E77DD0161B6F}.Debug|Any CPU.ActiveCfg = Debug|Any CPU
		{B7CAAA8A-D113-44F6-97B1-E77DD0161B6F}.Debug|Any CPU.Build.0 = Debug|Any CPU
		{B7CAAA8A-D113-44F6-97B1-E77DD0161B6F}.Release|Any CPU.ActiveCfg = Release|Any CPU
		{B7CAAA8A-D113-44F6-97B1-E77DD0161B6F}.Release|Any CPU.Build.0 = Release|Any CPU
		{2207AC8C-7FC8-482F-9615-67DBBED0650E}.Debug|Any CPU.ActiveCfg = Debug|Any CPU
		{2207AC8C-7FC8-482F-9615-67DBBED0650E}.Debug|Any CPU.Build.0 = Debug|Any CPU
		{2207AC8C-7FC8-482F-9615-67DBBED0650E}.Release|Any CPU.ActiveCfg = Release|Any CPU
		{2207AC8C-7FC8-482F-9615-67DBBED0650E}.Release|Any CPU.Build.0 = Release|Any CPU
	EndGlobalSection
	GlobalSection(SolutionProperties) = preSolution
		HideSolutionNode = FALSE
	EndGlobalSection
	GlobalSection(NestedProjects) = preSolution
		{446B1F05-AE42-411E-B4FF-BB39AA95F24B} = {7502D5C6-D2BE-439E-B7A0-91DCDD89B749}
		{F5A9B0E9-6E6F-4357-BE20-9EBAFC2AD795} = {7502D5C6-D2BE-439E-B7A0-91DCDD89B749}
		{8D059C38-2952-4744-813C-AB60D70C37B8} = {7502D5C6-D2BE-439E-B7A0-91DCDD89B749}
		{D1448617-6ED0-42B4-90E6-DEF4A6ADF8D5} = {7502D5C6-D2BE-439E-B7A0-91DCDD89B749}
		{56078639-AACD-47CA-93DE-D73EAE2B204A} = {7502D5C6-D2BE-439E-B7A0-91DCDD89B749}
		{2576764E-A80C-45AD-9DB4-22834BD9C399} = {7502D5C6-D2BE-439E-B7A0-91DCDD89B749}
		{8400E8E4-C6BE-4D79-8353-37A8B6CF84A0} = {7502D5C6-D2BE-439E-B7A0-91DCDD89B749}
		{7268928C-9F60-4639-B603-66FE557F2A83} = {7502D5C6-D2BE-439E-B7A0-91DCDD89B749}
		{8A7A6B6B-D363-436C-B8F3-239023D2DE3C} = {7268928C-9F60-4639-B603-66FE557F2A83}
		{530FE9F7-A834-4780-8799-B096007BF7C0} = {7268928C-9F60-4639-B603-66FE557F2A83}
		{D20E7AB1-C858-4A17-B2C2-98408DFEFFEC} = {7502D5C6-D2BE-439E-B7A0-91DCDD89B749}
		{5237E52A-BD6E-4220-8D21-DB2364582409} = {D20E7AB1-C858-4A17-B2C2-98408DFEFFEC}
		{E7F602F2-2351-41F2-B232-0BBCA9EBF8B4} = {7502D5C6-D2BE-439E-B7A0-91DCDD89B749}
		{592A8CBC-C788-4927-A0E7-C560EC997553} = {E7F602F2-2351-41F2-B232-0BBCA9EBF8B4}
		{CF1C6D1E-C1A8-4A80-BBCF-DD14342C6A1D} = {7502D5C6-D2BE-439E-B7A0-91DCDD89B749}
		{A091462F-6349-46F3-A8BE-B3CEDC405083} = {CF1C6D1E-C1A8-4A80-BBCF-DD14342C6A1D}
		{1B57C251-F4CA-48E7-84AC-EEE223A60290} = {CF1C6D1E-C1A8-4A80-BBCF-DD14342C6A1D}
		{8A3D9860-2B80-43ED-B441-2820141B21F5} = {CF1C6D1E-C1A8-4A80-BBCF-DD14342C6A1D}
		{97483887-DF4D-4797-B4DD-D757A8212F79} = {7502D5C6-D2BE-439E-B7A0-91DCDD89B749}
		{E2810F5C-1039-400F-9680-64325ACD157E} = {7502D5C6-D2BE-439E-B7A0-91DCDD89B749}
		{7502BE5B-51EF-492C-9F85-00C83C750066} = {E2810F5C-1039-400F-9680-64325ACD157E}
		{3BB8AA72-74A6-4EAC-BD43-4BCA5A39756A} = {7502D5C6-D2BE-439E-B7A0-91DCDD89B749}
		{902DB5A7-A7B7-476F-9015-4C2B3F16A288} = {7502D5C6-D2BE-439E-B7A0-91DCDD89B749}
		{1B862214-CE55-4D47-A732-86BB2F1F9279} = {902DB5A7-A7B7-476F-9015-4C2B3F16A288}
		{CD70ABC3-F359-43F0-87DB-2F900DB65EBE} = {7502D5C6-D2BE-439E-B7A0-91DCDD89B749}
		{B7CAAA8A-D113-44F6-97B1-E77DD0161B6F} = {CD70ABC3-F359-43F0-87DB-2F900DB65EBE}
		{6B1CADF4-BEF2-4F53-A96F-A885AFFA5147} = {7502D5C6-D2BE-439E-B7A0-91DCDD89B749}
		{2207AC8C-7FC8-482F-9615-67DBBED0650E} = {6B1CADF4-BEF2-4F53-A96F-A885AFFA5147}
	EndGlobalSection
	GlobalSection(ExtensibilityGlobals) = postSolution
		SolutionGuid = {756434BA-0B0E-4D64-8EBB-39203B3C2515}
	EndGlobalSection
EndGlobal
